{
  "name": "@kavindu_yasintha_silva/package-health",
  "version": "1.0.0",
  "lockfileVersion": 3,
  "requires": true,
  "packages": {
    "": {
      "name": "@kavindu_yasintha_silva/package-health",
      "version": "1.0.0",
      "license": "MIT",
      "bin": {
        "package-health": "src/cli.js"
      },
      "engines": {
        "node": ">=20"
      }
    }
  }
}
